
Microsoft Visual Studio Solution File, Format Version 12.00
# Visual Studio Version 16
VisualStudioVersion = 16.0.29926.136
MinimumVisualStudioVersion = 10.0.40219.1
Project("{8BC9CEB8-8B4A-11D0-8D11-00A0C91BC942}") = "final", "final\final.vcxproj", "{A1DE0D15-29AC-4FA9-B568-7FFC6D2BC8CB}"
EndProject
Global
	GlobalSection(SolutionConfigurationPlatforms) = preSolution
		Debug|x64 = Debug|x64
		Debug|x86 = Debug|x86
		Release|x64 = Release|x64
		Release|x86 = Release|x86
	EndGlobalSection
	GlobalSection(ProjectConfigurationPlatforms) = postSolution
		{A1DE0D15-29AC-4FA9-B568-7FFC6D2BC8CB}.Debug|x64.ActiveCfg = Debug|x64
		{A1DE0D15-29AC-4FA9-B568-7FFC6D2BC8CB}.Debug|x64.Build.0 = Debug|x64
		{A1DE0D15-29AC-4FA9-B568-7FFC6D2BC8CB}.Debug|x86.ActiveCfg = Debug|Win32
		{A1DE0D15-29AC-4FA9-B568-7FFC6D2BC8CB}.Debug|x86.Build.0 = Debug|Win32
		{A1DE0D15-29AC-4FA9-B568-7FFC6D2BC8CB}.Release|x64.ActiveCfg = Release|x64
		{A1DE0D15-29AC-4FA9-B568-7FFC6D2BC8CB}.Release|x64.Build.0 = Release|x64
		{A1DE0D15-29AC-4FA9-B568-7FFC6D2BC8CB}.Release|x86.ActiveCfg = Release|Win32
		{A1DE0D15-29AC-4FA9-B568-7FFC6D2BC8CB}.Release|x86.Build.0 = Release|Win32
	EndGlobalSection
	GlobalSection(SolutionProperties) = preSolution
		HideSolutionNode = FALSE
	EndGlobalSection
	GlobalSection(ExtensibilityGlobals) = postSolution
		SolutionGuid = {515A3DA6-0FA1-4DA2-AF6E-87CD8FEA6380}
	EndGlobalSection
EndGlobal
